
Microsoft Visual Studio Solution File, Format Version 12.00
# Visual Studio Version 16
VisualStudioVersion = 16.0.31129.286
MinimumVisualStudioVersion = 10.0.40219.1
Project("{FAE04EC0-301F-11D3-BF4B-00C04F79EFBC}") = "TestPlayer", "TestPlayer\TestPlayer.csproj", "{A8F288D1-763A-46DF-A4B5-37963CB4997F}"
EndProject
Global
	GlobalSection(SolutionConfigurationPlatforms) = preSolution
		Debug|Any CPU = Debug|Any CPU
		Debug|x64 = Debug|x64
		Release|Any CPU = Release|Any CPU
		Release|x64 = Release|x64
	EndGlobalSection
	GlobalSection(ProjectConfigurationPlatforms) = postSolution
		{A8F288D1-763A-46DF-A4B5-37963CB4997F}.Debug|Any CPU.ActiveCfg = Debug|Any CPU
		{A8F288D1-763A-46DF-A4B5-37963CB4997F}.Debug|Any CPU.Build.0 = Debug|Any CPU
		{A8F288D1-763A-46DF-A4B5-37963CB4997F}.Debug|x64.ActiveCfg = Debug|x64
		{A8F288D1-763A-46DF-A4B5-37963CB4997F}.Debug|x64.Build.0 = Debug|x64
		{A8F288D1-763A-46DF-A4B5-37963CB4997F}.Release|Any CPU.ActiveCfg = Release|Any CPU
		{A8F288D1-763A-46DF-A4B5-37963CB4997F}.Release|Any CPU.Build.0 = Release|Any CPU
		{A8F288D1-763A-46DF-A4B5-37963CB4997F}.Release|x64.ActiveCfg = Release|x64
		{A8F288D1-763A-46DF-A4B5-37963CB4997F}.Release|x64.Build.0 = Release|x64
	EndGlobalSection
	GlobalSection(SolutionProperties) = preSolution
		HideSolutionNode = FALSE
	EndGlobalSection
	GlobalSection(ExtensibilityGlobals) = postSolution
		SolutionGuid = {059C0F31-B927-473F-8749-D6FF47D046AC}
	EndGlobalSection
EndGlobal
